
Microsoft Visual Studio Solution File, Format Version 12.00
# Visual Studio 15
VisualStudioVersion = 15.0.27004.2002
MinimumVisualStudioVersion = 10.0.40219.1
Project("{888888A0-9F3D-457C-B088-3A5042F75D52}") = "Python OOP labb", "Python OOP labb\Python OOP labb.pyproj", "{B561D326-7F49-47B3-B7CE-AD77FAF7C432}"
EndProject
Global
	GlobalSection(SolutionConfigurationPlatforms) = preSolution
		Debug|Any CPU = Debug|Any CPU
		Release|Any CPU = Release|Any CPU
	EndGlobalSection
	GlobalSection(ProjectConfigurationPlatforms) = postSolution
		{B561D326-7F49-47B3-B7CE-AD77FAF7C432}.Debug|Any CPU.ActiveCfg = Debug|Any CPU
		{B561D326-7F49-47B3-B7CE-AD77FAF7C432}.Release|Any CPU.ActiveCfg = Release|Any CPU
	EndGlobalSection
	GlobalSection(SolutionProperties) = preSolution
		HideSolutionNode = FALSE
	EndGlobalSection
	GlobalSection(ExtensibilityGlobals) = postSolution
		SolutionGuid = {773E25FC-926E-478E-BEA6-01FD7BF262A7}
	EndGlobalSection
EndGlobal
